// !$*UTF8*$!
{
	archiveVersion = 1;
	classes = {
	};
	objectVersion = 46;
	objects = {

/* Begin PBXBuildFile section */
		7FB1C8861ADD551F0062C391 /* main.m in Sources */ = {isa = PBXBuildFile; fileRef = 7FB1C8851ADD551F0062C391 /* main.m */; };
		7FB1C8891ADD551F0062C391 /* AppDelegate.m in Sources */ = {isa = PBXBuildFile; fileRef = 7FB1C8881ADD551F0062C391 /* AppDelegate.m */; };
		7FB1C88B1ADD551F0062C391 /* Images.xcassets in Resources */ = {isa = PBXBuildFile; fileRef = 7FB1C88A1ADD551F0062C391 /* Images.xcassets */; };
		7FB1C88E1ADD551F0062C391 /* LaunchScreen.xib in Resources */ = {isa = PBXBuildFile; fileRef = 7FB1C88C1ADD551F0062C391 /* LaunchScreen.xib */; };
		7FB1C89A1ADD551F0062C391 /* transformTests.m in Sources */ = {isa = PBXBuildFile; fileRef = 7FB1C8991ADD551F0062C391 /* transformTests.m */; };
/* End PBXBuildFile section */

/* Begin PBXContainerItemProxy section */
		7FB1C8941ADD551F0062C391 /* PBXContainerItemProxy */ = {
			isa = PBXContainerItemProxy;
			containerPortal = 7FB1C8781ADD551F0062C391 /* Project object */;
			proxyType = 1;
			remoteGlobalIDString = 7FB1C87F1ADD551F0062C391;
			remoteInfo = transform;
		};
/* End PBXContainerItemProxy section */

/* Begin PBXFileReference section */
		7FB1C8801ADD551F0062C391 /* transform.app */ = {isa = PBXFileReference; explicitFileType = wrapper.application; includeInIndex = 0; path = transform.app; sourceTree = BUILT_PRODUCTS_DIR; };
		7FB1C8841ADD551F0062C391 /* Info.plist */ = {isa = PBXFileReference; lastKnownFileType = text.plist.xml; path = Info.plist; sourceTree = "<group>"; };
		7FB1C8851ADD551F0062C391 /* main.m */ = {isa = PBXFileReference; lastKnownFileType = sourcecode.c.objc; path = main.m; sourceTree = "<group>"; };
		7FB1C8871ADD551F0062C391 /* AppDelegate.h */ = {isa = PBXFileReference; lastKnownFileType = sourcecode.c.h; path = AppDelegate.h; sourceTree = "<group>"; };
		7FB1C8881ADD551F0062C391 /* AppDelegate.m */ = {isa = PBXFileReference; lastKnownFileType = sourcecode.c.objc; path = AppDelegate.m; sourceTree = "<group>"; };
		7FB1C88A1ADD551F0062C391 /* Images.xcassets */ = {isa = PBXFileReference; lastKnownFileType = folder.assetcatalog; path = Images.xcassets; sourceTree = "<group>"; };
		7FB1C88D1ADD551F0062C391 /* Base */ = {isa = PBXFileReference; lastKnownFileType = file.xib; name = Base; path = Base.lproj/LaunchScreen.xib; sourceTree = "<group>"; };
		7FB1C8931ADD551F0062C391 /* transformTests.xctest */ = {isa = PBXFileReference; explicitFileType = wrapper.cfbundle; includeInIndex = 0; path = transformTests.xctest; sourceTree = BUILT_PRODUCTS_DIR; };
		7FB1C8981ADD551F0062C391 /* Info.plist */ = {isa = PBXFileReference; lastKnownFileType = text.plist.xml; path = Info.plist; sourceTree = "<group>"; };
		7FB1C8991ADD551F0062C391 /* transformTests.m */ = {isa = PBXFileReference; lastKnownFileType = sourcecode.c.objc; path = transformTests.m; sourceTree = "<group>"; };
/* End PBXFileReference section */

/* Begin PBXFrameworksBuildPhase section */
		7FB1C87D1ADD551F0062C391 /* Frameworks */ = {
			isa = PBXFrameworksBuildPhase;
			buildActionMask = 2147483647;
			files = (
			);
			runOnlyForDeploymentPostprocessing = 0;
		};
		7FB1C8901ADD551F0062C391 /* Frameworks */ = {
			isa = PBXFrameworksBuildPhase;
			buildActionMask = 2147483647;
			files = (
			);
			runOnlyForDeploymentPostprocessing = 0;
		};
/* End PBXFrameworksBuildPhase section */

/* Begin PBXGroup section */
		7FB1C8771ADD551F0062C391 = {
			isa = PBXGroup;
			children = (
				7FB1C8821ADD551F0062C391 /* transform */,
				7FB1C8961ADD551F0062C391 /* transformTests */,
				7FB1C8811ADD551F0062C391 /* Products */,
			);
			sourceTree = "<group>";
		};
		7FB1C8811ADD551F0062C391 /* Products */ = {
			isa = PBXGroup;
			children = (
				7FB1C8801ADD551F0062C391 /* transform.app */,
				7FB1C8931ADD551F0062C391 /* transformTests.xctest */,
			);
			name = Products;
			sourceTree = "<group>";
		};
		7FB1C8821ADD551F0062C391 /* transform */ = {
			isa = PBXGroup;
			children = (
				7FB1C8871ADD551F0062C391 /* AppDelegate.h */,
				7FB1C8881ADD551F0062C391 /* AppDelegate.m */,
				7FB1C88A1ADD551F0062C391 /* Images.xcassets */,
				7FB1C88C1ADD551F0062C391 /* LaunchScreen.xib */,
				7FB1C8831ADD551F0062C391 /* Supporting Files */,
			);
			path = transform;
			sourceTree = "<group>";
		};
		7FB1C8831ADD551F0062C391 /* Supporting Files */ = {
			isa = PBXGroup;
			children = (
				7FB1C8841ADD551F0062C391 /* Info.plist */,
				7FB1C8851ADD551F0062C391 /* main.m */,
			);
			name = "Supporting Files";
			sourceTree = "<group>";
		};
		7FB1C8961ADD551F0062C391 /* transformTests */ = {
			isa = PBXGroup;
			children = (
				7FB1C8991ADD551F0062C391 /* transformTests.m */,
				7FB1C8971ADD551F0062C391 /* Supporting Files */,
			);
			path = transformTests;
			sourceTree = "<group>";
		};
		7FB1C8971ADD551F0062C391 /* Supporting Files */ = {
			isa = PBXGroup;
			children = (
				7FB1C8981ADD551F0062C391 /* Info.plist */,
			);
			name = "Supporting Files";
			sourceTree = "<group>";
		};
/* End PBXGroup section */

/* Begin PBXNativeTarget section */
		7FB1C87F1ADD551F0062C391 /* transform */ = {
			isa = PBXNativeTarget;
			buildConfigurationList = 7FB1C89D1ADD551F0062C391 /* Build configuration list for PBXNativeTarget "transform" */;
			buildPhases = (
				7FB1C87C1ADD551F0062C391 /* Sources */,
				7FB1C87D1ADD551F0062C391 /* Frameworks */,
				7FB1C87E1ADD551F0062C391 /* Resources */,
			);
			buildRules = (
			);
			dependencies = (
			);
			name = transform;
			productName = transform;
			productReference = 7FB1C8801ADD551F0062C391 /* transform.app */;
			productType = "com.apple.product-type.application";
		};
		7FB1C8921ADD551F0062C391 /* transformTests */ = {
			isa = PBXNativeTarget;
			buildConfigurationList = 7FB1C8A01ADD551F0062C391 /* Build configuration list for PBXNativeTarget "transformTests" */;
			buildPhases = (
				7FB1C88F1ADD551F0062C391 /* Sources */,
				7FB1C8901ADD551F0062C391 /* Frameworks */,
				7FB1C8911ADD551F0062C391 /* Resources */,
			);
			buildRules = (
			);
			dependencies = (
				7FB1C8951ADD551F0062C391 /* PBXTargetDependency */,
			);
			name = transformTests;
			productName = transformTests;
			productReference = 7FB1C8931ADD551F0062C391 /* transformTests.xctest */;
			productType = "com.apple.product-type.bundle.unit-test";
		};
/* End PBXNativeTarget section */

/* Begin PBXProject section */
		7FB1C8781ADD551F0062C391 /* Project object */ = {
			isa = PBXProject;
			attributes = {
				LastUpgradeCheck = 0630;
				ORGANIZATIONNAME = com.sk80;
				TargetAttributes = {
					7FB1C87F1ADD551F0062C391 = {
						CreatedOnToolsVersion = 6.3;
					};
					7FB1C8921ADD551F0062C391 = {
						CreatedOnToolsVersion = 6.3;
						TestTargetID = 7FB1C87F1ADD551F0062C391;
					};
				};
			};
			buildConfigurationList = 7FB1C87B1ADD551F0062C391 /* Build configuration list for PBXProject "transform" */;
			compatibilityVersion = "Xcode 3.2";
			developmentRegion = English;
			hasScannedForEncodings = 0;
			knownRegions = (
				en,
				Base,
			);
			mainGroup = 7FB1C8771ADD551F0062C391;
			productRefGroup = 7FB1C8811ADD551F0062C391 /* Products */;
			projectDirPath = "";
			projectRoot = "";
			targets = (
				7FB1C87F1ADD551F0062C391 /* transform */,
				7FB1C8921ADD551F0062C391 /* transformTests */,
			);
		};
/* End PBXProject section */

/* Begin PBXResourcesBuildPhase section */
		7FB1C87E1ADD551F0062C391 /* Resources */ = {
			isa = PBXResourcesBuildPhase;
			buildActionMask = 2147483647;
			files = (
				7FB1C88E1ADD551F0062C391 /* LaunchScreen.xib in Resources */,
				7FB1C88B1ADD551F0062C391 /* Images.xcassets in Resources */,
			);
			runOnlyForDeploymentPostprocessing = 0;
		};
		7FB1C8911ADD551F0062C391 /* Resources */ = {
			isa = PBXResourcesBuildPhase;
			buildActionMask = 2147483647;
			files = (
			);
			runOnlyForDeploymentPostprocessing = 0;
		};
/* End PBXResourcesBuildPhase section */

/* Begin PBXSourcesBuildPhase section */
		7FB1C87C1ADD551F0062C391 /* Sources */ = {
			isa = PBXSourcesBuildPhase;
			buildActionMask = 2147483647;
			files = (
				7FB1C8891ADD551F0062C391 /* AppDelegate.m in Sources */,
				7FB1C8861ADD551F0062C391 /* main.m in Sources */,
			);
			runOnlyForDeploymentPostprocessing = 0;
		};
		7FB1C88F1ADD551F0062C391 /* Sources */ = {
			isa = PBXSourcesBuildPhase;
			buildActionMask = 2147483647;
			files = (
				7FB1C89A1ADD551F0062C391 /* transformTests.m in Sources */,
			);
			runOnlyForDeploymentPostprocessing = 0;
		};
/* End PBXSourcesBuildPhase section */

/* Begin PBXTargetDependency section */
		7FB1C8951ADD551F0062C391 /* PBXTargetDependency */ = {
			isa = PBXTargetDependency;
			target = 7FB1C87F1ADD551F0062C391 /* transform */;
			targetProxy = 7FB1C8941ADD551F0062C391 /* PBXContainerItemProxy */;
		};
/* End PBXTargetDependency section */

/* Begin PBXVariantGroup section */
		7FB1C88C1ADD551F0062C391 /* LaunchScreen.xib */ = {
			isa = PBXVariantGroup;
			children = (
				7FB1C88D1ADD551F0062C391 /* Base */,
			);
			name = LaunchScreen.xib;
			sourceTree = "<group>";
		};
/* End PBXVariantGroup section */

/* Begin XCBuildConfiguration section */
		7FB1C89B1ADD551F0062C391 /* Debug */ = {
			isa = XCBuildConfiguration;
			buildSettings = {
				ALWAYS_SEARCH_USER_PATHS = NO;
				CLANG_CXX_LANGUAGE_STANDARD = "gnu++0x";
				CLANG_CXX_LIBRARY = "libc++";
				CLANG_ENABLE_MODULES = YES;
				CLANG_ENABLE_OBJC_ARC = YES;
				CLANG_WARN_BOOL_CONVERSION = YES;
				CLANG_WARN_CONSTANT_CONVERSION = YES;
				CLANG_WARN_DIRECT_OBJC_ISA_USAGE = YES_ERROR;
				CLANG_WARN_EMPTY_BODY = YES;
				CLANG_WARN_ENUM_CONVERSION = YES;
				CLANG_WARN_INT_CONVERSION = YES;
				CLANG_WARN_OBJC_ROOT_CLASS = YES_ERROR;
				CLANG_WARN_UNREACHABLE_CODE = YES;
				CLANG_WARN__DUPLICATE_METHOD_MATCH = YES;
				"CODE_SIGN_IDENTITY[sdk=iphoneos*]" = "iPhone Developer";
				COPY_PHASE_STRIP = NO;
				DEBUG_INFORMATION_FORMAT = "dwarf-with-dsym";
				ENABLE_STRICT_OBJC_MSGSEND = YES;
				GCC_C_LANGUAGE_STANDARD = gnu99;
				GCC_DYNAMIC_NO_PIC = NO;
				GCC_NO_COMMON_BLOCKS = YES;
				GCC_OPTIMIZATION_LEVEL = 0;
				GCC_PREPROCESSOR_DEFINITIONS = (
					"DEBUG=1",
					"$(inherited)",
				);
				GCC_SYMBOLS_PRIVATE_EXTERN = NO;
				GCC_WARN_64_TO_32_BIT_CONVERSION = YES;
				GCC_WARN_ABOUT_RETURN_TYPE = YES_ERROR;
				GCC_WARN_UNDECLARED_SELECTOR = YES;
				GCC_WARN_UNINITIALIZED_AUTOS = YES_AGGRESSIVE;
				GCC_WARN_UNUSED_FUNCTION = YES;
				GCC_WARN_UNUSED_VARIABLE = YES;
				IPHONEOS_DEPLOYMENT_TARGET = 8.3;
				MTL_ENABLE_DEBUG_INFO = YES;
				ONLY_ACTIVE_ARCH = YES;
				SDKROOT = iphoneos;
			};
			name = Debug;
		};
		7FB1C89C1ADD551F0062C391 /* Release */ = {
			isa = XCBuildConfiguration;
			buildSettings = {
				ALWAYS_SEARCH_USER_PATHS = NO;
				CLANG_CXX_LANGUAGE_STANDARD = "gnu++0x";
				CLANG_CXX_LIBRARY = "libc++";
				CLANG_ENABLE_MODULES = YES;
				CLANG_ENABLE_OBJC_ARC = YES;
				CLANG_WARN_BOOL_CONVERSION = YES;
				CLANG_WARN_CONSTANT_CONVERSION = YES;
				CLANG_WARN_DIRECT_OBJC_ISA_USAGE = YES_ERROR;
				CLANG_WARN_EMPTY_BODY = YES;
				CLANG_WARN_ENUM_CONVERSION = YES;
				CLANG_WARN_INT_CONVERSION = YES;
				CLANG_WARN_OBJC_ROOT_CLASS = YES_ERROR;
				CLANG_WARN_UNREACHABLE_CODE = YES;
				CLANG_WARN__DUPLICATE_METHOD_MATCH = YES;
				"CODE_SIGN_IDENTITY[sdk=iphoneos*]" = "iPhone Developer";
				COPY_PHASE_STRIP = NO;
				DEBUG_INFORMATION_FORMAT = "dwarf-with-dsym";
				ENABLE_NS_ASSERTIONS = NO;
				ENABLE_STRICT_OBJC_MSGSEND = YES;
				GCC_C_LANGUAGE_STANDARD = gnu99;
				GCC_NO_COMMON_BLOCKS = YES;
				GCC_WARN_64_TO_32_BIT_CONVERSION = YES;
				GCC_WARN_ABOUT_RETURN_TYPE = YES_ERROR;
				GCC_WARN_UNDECLARED_SELECTOR = YES;
				GCC_WARN_UNINITIALIZED_AUTOS = YES_AGGRESSIVE;
				GCC_WARN_UNUSED_FUNCTION = YES;
				GCC_WARN_UNUSED_VARIABLE = YES;
				IPHONEOS_DEPLOYMENT_TARGET = 8.3;
				MTL_ENABLE_DEBUG_INFO = NO;
				SDKROOT = iphoneos;
				VALIDATE_PRODUCT = YES;
			};
			name = Release;
		};
		7FB1C89E1ADD551F0062C391 /* Debug */ = {
			isa = XCBuildConfiguration;
			buildSettings = {
				ASSETCATALOG_COMPILER_APPICON_NAME = AppIcon;
				INFOPLIST_FILE = transform/Info.plist;
				LD_RUNPATH_SEARCH_PATHS = "$(inherited) @executable_path/Frameworks";
				PRODUCT_NAME = "$(TARGET_NAME)";
			};
			name = Debug;
		};
		7FB1C89F1ADD551F0062C391 /* Release */ = {
			isa = XCBuildConfiguration;
			buildSettings = {
				ASSETCATALOG_COMPILER_APPICON_NAME = AppIcon;
				INFOPLIST_FILE = transform/Info.plist;
				LD_RUNPATH_SEARCH_PATHS = "$(inherited) @executable_path/Frameworks";
				PRODUCT_NAME = "$(TARGET_NAME)";
			};
			name = Release;
		};
		7FB1C8A11ADD551F0062C391 /* Debug */ = {
			isa = XCBuildConfiguration;
			buildSettings = {
				BUNDLE_LOADER = "$(TEST_HOST)";
				FRAMEWORK_SEARCH_PATHS = (
					"$(SDKROOT)/Developer/Library/Frameworks",
					"$(inherited)",
				);
				GCC_PREPROCESSOR_DEFINITIONS = (
					"DEBUG=1",
					"$(inherited)",
				);
				INFOPLIST_FILE = transformTests/Info.plist;
				LD_RUNPATH_SEARCH_PATHS = "$(inherited) @executable_path/Frameworks @loader_path/Frameworks";
				PRODUCT_NAME = "$(TARGET_NAME)";
				TEST_HOST = "$(BUILT_PRODUCTS_DIR)/transform.app/transform";
			};
			name = Debug;
		};
		7FB1C8A21ADD551F0062C391 /* Release */ = {
			isa = XCBuildConfiguration;
			buildSettings = {
				BUNDLE_LOADER = "$(TEST_HOST)";
				FRAMEWORK_SEARCH_PATHS = (
					"$(SDKROOT)/Developer/Library/Frameworks",
					"$(inherited)",
				);
				INFOPLIST_FILE = transformTests/Info.plist;
				LD_RUNPATH_SEARCH_PATHS = "$(inherited) @executable_path/Frameworks @loader_path/Frameworks";
				PRODUCT_NAME = "$(TARGET_NAME)";
				TEST_HOST = "$(BUILT_PRODUCTS_DIR)/transform.app/transform";
			};
			name = Release;
		};
/* End XCBuildConfiguration section */

/* Begin XCConfigurationList section */
		7FB1C87B1ADD551F0062C391 /* Build configuration list for PBXProject "transform" */ = {
			isa = XCConfigurationList;
			buildConfigurations = (
				7FB1C89B1ADD551F0062C391 /* Debug */,
				7FB1C89C1ADD551F0062C391 /* Release */,
			);
			defaultConfigurationIsVisible = 0;
			defaultConfigurationName = Release;
		};
		7FB1C89D1ADD551F0062C391 /* Build configuration list for PBXNativeTarget "transform" */ = {
			isa = XCConfigurationList;
			buildConfigurations = (
				7FB1C89E1ADD551F0062C391 /* Debug */,
				7FB1C89F1ADD551F0062C391 /* Release */,
			);
			defaultConfigurationIsVisible = 0;
		};
		7FB1C8A01ADD551F0062C391 /* Build configuration list for PBXNativeTarget "transformTests" */ = {
			isa = XCConfigurationList;
			buildConfigurations = (
				7FB1C8A11ADD551F0062C391 /* Debug */,
				7FB1C8A21ADD551F0062C391 /* Release */,
			);
			defaultConfigurationIsVisible = 0;
		};
/* End XCConfigurationList section */
	};
	rootObject = 7FB1C8781ADD551F0062C391 /* Project object */;
}
