// !$*UTF8*$!
{
	archiveVersion = 1;
	classes = {
	};
	objectVersion = 46;
	objects = {

/* Begin PBXBuildFile section */
		7F2932711A80B84500ABB388 /* Foundation.framework in Frameworks */ = {isa = PBXBuildFile; fileRef = 7F2932701A80B84500ABB388 /* Foundation.framework */; };
		7F2932731A80B84600ABB388 /* CoreGraphics.framework in Frameworks */ = {isa = PBXBuildFile; fileRef = 7F2932721A80B84600ABB388 /* CoreGraphics.framework */; };
		7F2932751A80B84600ABB388 /* UIKit.framework in Frameworks */ = {isa = PBXBuildFile; fileRef = 7F2932741A80B84600ABB388 /* UIKit.framework */; };
		7F29327B1A80B84600ABB388 /* InfoPlist.strings in Resources */ = {isa = PBXBuildFile; fileRef = 7F2932791A80B84600ABB388 /* InfoPlist.strings */; };
		7F29327D1A80B84600ABB388 /* main.m in Sources */ = {isa = PBXBuildFile; fileRef = 7F29327C1A80B84600ABB388 /* main.m */; };
		7F2932811A80B84600ABB388 /* BNRAppDelegate.m in Sources */ = {isa = PBXBuildFile; fileRef = 7F2932801A80B84600ABB388 /* BNRAppDelegate.m */; };
		7F2932831A80B84600ABB388 /* Images.xcassets in Resources */ = {isa = PBXBuildFile; fileRef = 7F2932821A80B84600ABB388 /* Images.xcassets */; };
		7F29328A1A80B84600ABB388 /* XCTest.framework in Frameworks */ = {isa = PBXBuildFile; fileRef = 7F2932891A80B84600ABB388 /* XCTest.framework */; };
		7F29328B1A80B84600ABB388 /* Foundation.framework in Frameworks */ = {isa = PBXBuildFile; fileRef = 7F2932701A80B84500ABB388 /* Foundation.framework */; };
		7F29328C1A80B84600ABB388 /* UIKit.framework in Frameworks */ = {isa = PBXBuildFile; fileRef = 7F2932741A80B84600ABB388 /* UIKit.framework */; };
		7F2932941A80B84600ABB388 /* InfoPlist.strings in Resources */ = {isa = PBXBuildFile; fileRef = 7F2932921A80B84600ABB388 /* InfoPlist.strings */; };
		7F2932961A80B84600ABB388 /* testTests.m in Sources */ = {isa = PBXBuildFile; fileRef = 7F2932951A80B84600ABB388 /* testTests.m */; };
/* End PBXBuildFile section */

/* Begin PBXContainerItemProxy section */
		7F29328D1A80B84600ABB388 /* PBXContainerItemProxy */ = {
			isa = PBXContainerItemProxy;
			containerPortal = 7F2932651A80B84500ABB388 /* Project object */;
			proxyType = 1;
			remoteGlobalIDString = 7F29326C1A80B84500ABB388;
			remoteInfo = test;
		};
/* End PBXContainerItemProxy section */

/* Begin PBXFileReference section */
		7F29326D1A80B84500ABB388 /* test.app */ = {isa = PBXFileReference; explicitFileType = wrapper.application; includeInIndex = 0; path = test.app; sourceTree = BUILT_PRODUCTS_DIR; };
		7F2932701A80B84500ABB388 /* Foundation.framework */ = {isa = PBXFileReference; lastKnownFileType = wrapper.framework; name = Foundation.framework; path = System/Library/Frameworks/Foundation.framework; sourceTree = SDKROOT; };
		7F2932721A80B84600ABB388 /* CoreGraphics.framework */ = {isa = PBXFileReference; lastKnownFileType = wrapper.framework; name = CoreGraphics.framework; path = System/Library/Frameworks/CoreGraphics.framework; sourceTree = SDKROOT; };
		7F2932741A80B84600ABB388 /* UIKit.framework */ = {isa = PBXFileReference; lastKnownFileType = wrapper.framework; name = UIKit.framework; path = System/Library/Frameworks/UIKit.framework; sourceTree = SDKROOT; };
		7F2932781A80B84600ABB388 /* test-Info.plist */ = {isa = PBXFileReference; lastKnownFileType = text.plist.xml; path = "test-Info.plist"; sourceTree = "<group>"; };
		7F29327A1A80B84600ABB388 /* en */ = {isa = PBXFileReference; lastKnownFileType = text.plist.strings; name = en; path = en.lproj/InfoPlist.strings; sourceTree = "<group>"; };
		7F29327C1A80B84600ABB388 /* main.m */ = {isa = PBXFileReference; lastKnownFileType = sourcecode.c.objc; path = main.m; sourceTree = "<group>"; };
		7F29327E1A80B84600ABB388 /* test-Prefix.pch */ = {isa = PBXFileReference; lastKnownFileType = sourcecode.c.h; path = "test-Prefix.pch"; sourceTree = "<group>"; };
		7F29327F1A80B84600ABB388 /* BNRAppDelegate.h */ = {isa = PBXFileReference; lastKnownFileType = sourcecode.c.h; path = BNRAppDelegate.h; sourceTree = "<group>"; };
		7F2932801A80B84600ABB388 /* BNRAppDelegate.m */ = {isa = PBXFileReference; lastKnownFileType = sourcecode.c.objc; path = BNRAppDelegate.m; sourceTree = "<group>"; };
		7F2932821A80B84600ABB388 /* Images.xcassets */ = {isa = PBXFileReference; lastKnownFileType = folder.assetcatalog; path = Images.xcassets; sourceTree = "<group>"; };
		7F2932881A80B84600ABB388 /* testTests.xctest */ = {isa = PBXFileReference; explicitFileType = wrapper.cfbundle; includeInIndex = 0; path = testTests.xctest; sourceTree = BUILT_PRODUCTS_DIR; };
		7F2932891A80B84600ABB388 /* XCTest.framework */ = {isa = PBXFileReference; lastKnownFileType = wrapper.framework; name = XCTest.framework; path = Library/Frameworks/XCTest.framework; sourceTree = DEVELOPER_DIR; };
		7F2932911A80B84600ABB388 /* testTests-Info.plist */ = {isa = PBXFileReference; lastKnownFileType = text.plist.xml; path = "testTests-Info.plist"; sourceTree = "<group>"; };
		7F2932931A80B84600ABB388 /* en */ = {isa = PBXFileReference; lastKnownFileType = text.plist.strings; name = en; path = en.lproj/InfoPlist.strings; sourceTree = "<group>"; };
		7F2932951A80B84600ABB388 /* testTests.m */ = {isa = PBXFileReference; lastKnownFileType = sourcecode.c.objc; path = testTests.m; sourceTree = "<group>"; };
/* End PBXFileReference section */

/* Begin PBXFrameworksBuildPhase section */
		7F29326A1A80B84500ABB388 /* Frameworks */ = {
			isa = PBXFrameworksBuildPhase;
			buildActionMask = 2147483647;
			files = (
				7F2932731A80B84600ABB388 /* CoreGraphics.framework in Frameworks */,
				7F2932751A80B84600ABB388 /* UIKit.framework in Frameworks */,
				7F2932711A80B84500ABB388 /* Foundation.framework in Frameworks */,
			);
			runOnlyForDeploymentPostprocessing = 0;
		};
		7F2932851A80B84600ABB388 /* Frameworks */ = {
			isa = PBXFrameworksBuildPhase;
			buildActionMask = 2147483647;
			files = (
				7F29328A1A80B84600ABB388 /* XCTest.framework in Frameworks */,
				7F29328C1A80B84600ABB388 /* UIKit.framework in Frameworks */,
				7F29328B1A80B84600ABB388 /* Foundation.framework in Frameworks */,
			);
			runOnlyForDeploymentPostprocessing = 0;
		};
/* End PBXFrameworksBuildPhase section */

/* Begin PBXGroup section */
		7F2932641A80B84500ABB388 = {
			isa = PBXGroup;
			children = (
				7F2932761A80B84600ABB388 /* test */,
				7F29328F1A80B84600ABB388 /* testTests */,
				7F29326F1A80B84500ABB388 /* Frameworks */,
				7F29326E1A80B84500ABB388 /* Products */,
			);
			sourceTree = "<group>";
		};
		7F29326E1A80B84500ABB388 /* Products */ = {
			isa = PBXGroup;
			children = (
				7F29326D1A80B84500ABB388 /* test.app */,
				7F2932881A80B84600ABB388 /* testTests.xctest */,
			);
			name = Products;
			sourceTree = "<group>";
		};
		7F29326F1A80B84500ABB388 /* Frameworks */ = {
			isa = PBXGroup;
			children = (
				7F2932701A80B84500ABB388 /* Foundation.framework */,
				7F2932721A80B84600ABB388 /* CoreGraphics.framework */,
				7F2932741A80B84600ABB388 /* UIKit.framework */,
				7F2932891A80B84600ABB388 /* XCTest.framework */,
			);
			name = Frameworks;
			sourceTree = "<group>";
		};
		7F2932761A80B84600ABB388 /* test */ = {
			isa = PBXGroup;
			children = (
				7F29327F1A80B84600ABB388 /* BNRAppDelegate.h */,
				7F2932801A80B84600ABB388 /* BNRAppDelegate.m */,
				7F2932821A80B84600ABB388 /* Images.xcassets */,
				7F2932771A80B84600ABB388 /* Supporting Files */,
			);
			path = test;
			sourceTree = "<group>";
		};
		7F2932771A80B84600ABB388 /* Supporting Files */ = {
			isa = PBXGroup;
			children = (
				7F2932781A80B84600ABB388 /* test-Info.plist */,
				7F2932791A80B84600ABB388 /* InfoPlist.strings */,
				7F29327C1A80B84600ABB388 /* main.m */,
				7F29327E1A80B84600ABB388 /* test-Prefix.pch */,
			);
			name = "Supporting Files";
			sourceTree = "<group>";
		};
		7F29328F1A80B84600ABB388 /* testTests */ = {
			isa = PBXGroup;
			children = (
				7F2932951A80B84600ABB388 /* testTests.m */,
				7F2932901A80B84600ABB388 /* Supporting Files */,
			);
			path = testTests;
			sourceTree = "<group>";
		};
		7F2932901A80B84600ABB388 /* Supporting Files */ = {
			isa = PBXGroup;
			children = (
				7F2932911A80B84600ABB388 /* testTests-Info.plist */,
				7F2932921A80B84600ABB388 /* InfoPlist.strings */,
			);
			name = "Supporting Files";
			sourceTree = "<group>";
		};
/* End PBXGroup section */

/* Begin PBXNativeTarget section */
		7F29326C1A80B84500ABB388 /* test */ = {
			isa = PBXNativeTarget;
			buildConfigurationList = 7F2932991A80B84600ABB388 /* Build configuration list for PBXNativeTarget "test" */;
			buildPhases = (
				7F2932691A80B84500ABB388 /* Sources */,
				7F29326A1A80B84500ABB388 /* Frameworks */,
				7F29326B1A80B84500ABB388 /* Resources */,
			);
			buildRules = (
			);
			dependencies = (
			);
			name = test;
			productName = test;
			productReference = 7F29326D1A80B84500ABB388 /* test.app */;
			productType = "com.apple.product-type.application";
		};
		7F2932871A80B84600ABB388 /* testTests */ = {
			isa = PBXNativeTarget;
			buildConfigurationList = 7F29329C1A80B84600ABB388 /* Build configuration list for PBXNativeTarget "testTests" */;
			buildPhases = (
				7F2932841A80B84600ABB388 /* Sources */,
				7F2932851A80B84600ABB388 /* Frameworks */,
				7F2932861A80B84600ABB388 /* Resources */,
			);
			buildRules = (
			);
			dependencies = (
				7F29328E1A80B84600ABB388 /* PBXTargetDependency */,
			);
			name = testTests;
			productName = testTests;
			productReference = 7F2932881A80B84600ABB388 /* testTests.xctest */;
			productType = "com.apple.product-type.bundle.unit-test";
		};
/* End PBXNativeTarget section */

/* Begin PBXProject section */
		7F2932651A80B84500ABB388 /* Project object */ = {
			isa = PBXProject;
			attributes = {
				CLASSPREFIX = BNR;
				LastUpgradeCheck = 0510;
				ORGANIZATIONNAME = "___FULLUSERNAME___";
				TargetAttributes = {
					7F2932871A80B84600ABB388 = {
						TestTargetID = 7F29326C1A80B84500ABB388;
					};
				};
			};
			buildConfigurationList = 7F2932681A80B84500ABB388 /* Build configuration list for PBXProject "test" */;
			compatibilityVersion = "Xcode 3.2";
			developmentRegion = English;
			hasScannedForEncodings = 0;
			knownRegions = (
				en,
			);
			mainGroup = 7F2932641A80B84500ABB388;
			productRefGroup = 7F29326E1A80B84500ABB388 /* Products */;
			projectDirPath = "";
			projectRoot = "";
			targets = (
				7F29326C1A80B84500ABB388 /* test */,
				7F2932871A80B84600ABB388 /* testTests */,
			);
		};
/* End PBXProject section */

/* Begin PBXResourcesBuildPhase section */
		7F29326B1A80B84500ABB388 /* Resources */ = {
			isa = PBXResourcesBuildPhase;
			buildActionMask = 2147483647;
			files = (
				7F29327B1A80B84600ABB388 /* InfoPlist.strings in Resources */,
				7F2932831A80B84600ABB388 /* Images.xcassets in Resources */,
			);
			runOnlyForDeploymentPostprocessing = 0;
		};
		7F2932861A80B84600ABB388 /* Resources */ = {
			isa = PBXResourcesBuildPhase;
			buildActionMask = 2147483647;
			files = (
				7F2932941A80B84600ABB388 /* InfoPlist.strings in Resources */,
			);
			runOnlyForDeploymentPostprocessing = 0;
		};
/* End PBXResourcesBuildPhase section */

/* Begin PBXSourcesBuildPhase section */
		7F2932691A80B84500ABB388 /* Sources */ = {
			isa = PBXSourcesBuildPhase;
			buildActionMask = 2147483647;
			files = (
				7F29327D1A80B84600ABB388 /* main.m in Sources */,
				7F2932811A80B84600ABB388 /* BNRAppDelegate.m in Sources */,
			);
			runOnlyForDeploymentPostprocessing = 0;
		};
		7F2932841A80B84600ABB388 /* Sources */ = {
			isa = PBXSourcesBuildPhase;
			buildActionMask = 2147483647;
			files = (
				7F2932961A80B84600ABB388 /* testTests.m in Sources */,
			);
			runOnlyForDeploymentPostprocessing = 0;
		};
/* End PBXSourcesBuildPhase section */

/* Begin PBXTargetDependency section */
		7F29328E1A80B84600ABB388 /* PBXTargetDependency */ = {
			isa = PBXTargetDependency;
			target = 7F29326C1A80B84500ABB388 /* test */;
			targetProxy = 7F29328D1A80B84600ABB388 /* PBXContainerItemProxy */;
		};
/* End PBXTargetDependency section */

/* Begin PBXVariantGroup section */
		7F2932791A80B84600ABB388 /* InfoPlist.strings */ = {
			isa = PBXVariantGroup;
			children = (
				7F29327A1A80B84600ABB388 /* en */,
			);
			name = InfoPlist.strings;
			sourceTree = "<group>";
		};
		7F2932921A80B84600ABB388 /* InfoPlist.strings */ = {
			isa = PBXVariantGroup;
			children = (
				7F2932931A80B84600ABB388 /* en */,
			);
			name = InfoPlist.strings;
			sourceTree = "<group>";
		};
/* End PBXVariantGroup section */

/* Begin XCBuildConfiguration section */
		7F2932971A80B84600ABB388 /* Debug */ = {
			isa = XCBuildConfiguration;
			buildSettings = {
				ALWAYS_SEARCH_USER_PATHS = NO;
				CLANG_CXX_LANGUAGE_STANDARD = "gnu++0x";
				CLANG_CXX_LIBRARY = "libc++";
				CLANG_ENABLE_MODULES = YES;
				CLANG_ENABLE_OBJC_ARC = YES;
				CLANG_WARN_BOOL_CONVERSION = YES;
				CLANG_WARN_CONSTANT_CONVERSION = YES;
				CLANG_WARN_DIRECT_OBJC_ISA_USAGE = YES_ERROR;
				CLANG_WARN_EMPTY_BODY = YES;
				CLANG_WARN_ENUM_CONVERSION = YES;
				CLANG_WARN_INT_CONVERSION = YES;
				CLANG_WARN_OBJC_ROOT_CLASS = YES_ERROR;
				CLANG_WARN__DUPLICATE_METHOD_MATCH = YES;
				"CODE_SIGN_IDENTITY[sdk=iphoneos*]" = "iPhone Developer";
				COPY_PHASE_STRIP = NO;
				GCC_C_LANGUAGE_STANDARD = gnu99;
				GCC_DYNAMIC_NO_PIC = NO;
				GCC_OPTIMIZATION_LEVEL = 0;
				GCC_PREPROCESSOR_DEFINITIONS = (
					"DEBUG=1",
					"$(inherited)",
				);
				GCC_SYMBOLS_PRIVATE_EXTERN = NO;
				GCC_WARN_64_TO_32_BIT_CONVERSION = YES;
				GCC_WARN_ABOUT_RETURN_TYPE = YES_ERROR;
				GCC_WARN_UNDECLARED_SELECTOR = YES;
				GCC_WARN_UNINITIALIZED_AUTOS = YES_AGGRESSIVE;
				GCC_WARN_UNUSED_FUNCTION = YES;
				GCC_WARN_UNUSED_VARIABLE = YES;
				IPHONEOS_DEPLOYMENT_TARGET = 7.1;
				ONLY_ACTIVE_ARCH = YES;
				SDKROOT = iphoneos;
			};
			name = Debug;
		};
		7F2932981A80B84600ABB388 /* Release */ = {
			isa = XCBuildConfiguration;
			buildSettings = {
				ALWAYS_SEARCH_USER_PATHS = NO;
				CLANG_CXX_LANGUAGE_STANDARD = "gnu++0x";
				CLANG_CXX_LIBRARY = "libc++";
				CLANG_ENABLE_MODULES = YES;
				CLANG_ENABLE_OBJC_ARC = YES;
				CLANG_WARN_BOOL_CONVERSION = YES;
				CLANG_WARN_CONSTANT_CONVERSION = YES;
				CLANG_WARN_DIRECT_OBJC_ISA_USAGE = YES_ERROR;
				CLANG_WARN_EMPTY_BODY = YES;
				CLANG_WARN_ENUM_CONVERSION = YES;
				CLANG_WARN_INT_CONVERSION = YES;
				CLANG_WARN_OBJC_ROOT_CLASS = YES_ERROR;
				CLANG_WARN__DUPLICATE_METHOD_MATCH = YES;
				"CODE_SIGN_IDENTITY[sdk=iphoneos*]" = "iPhone Developer";
				COPY_PHASE_STRIP = YES;
				ENABLE_NS_ASSERTIONS = NO;
				GCC_C_LANGUAGE_STANDARD = gnu99;
				GCC_WARN_64_TO_32_BIT_CONVERSION = YES;
				GCC_WARN_ABOUT_RETURN_TYPE = YES_ERROR;
				GCC_WARN_UNDECLARED_SELECTOR = YES;
				GCC_WARN_UNINITIALIZED_AUTOS = YES_AGGRESSIVE;
				GCC_WARN_UNUSED_FUNCTION = YES;
				GCC_WARN_UNUSED_VARIABLE = YES;
				IPHONEOS_DEPLOYMENT_TARGET = 7.1;
				SDKROOT = iphoneos;
				VALIDATE_PRODUCT = YES;
			};
			name = Release;
		};
		7F29329A1A80B84600ABB388 /* Debug */ = {
			isa = XCBuildConfiguration;
			buildSettings = {
				ASSETCATALOG_COMPILER_APPICON_NAME = AppIcon;
				ASSETCATALOG_COMPILER_LAUNCHIMAGE_NAME = LaunchImage;
				GCC_PRECOMPILE_PREFIX_HEADER = YES;
				GCC_PREFIX_HEADER = "test/test-Prefix.pch";
				INFOPLIST_FILE = "test/test-Info.plist";
				PRODUCT_NAME = "$(TARGET_NAME)";
				WRAPPER_EXTENSION = app;
			};
			name = Debug;
		};
		7F29329B1A80B84600ABB388 /* Release */ = {
			isa = XCBuildConfiguration;
			buildSettings = {
				ASSETCATALOG_COMPILER_APPICON_NAME = AppIcon;
				ASSETCATALOG_COMPILER_LAUNCHIMAGE_NAME = LaunchImage;
				GCC_PRECOMPILE_PREFIX_HEADER = YES;
				GCC_PREFIX_HEADER = "test/test-Prefix.pch";
				INFOPLIST_FILE = "test/test-Info.plist";
				PRODUCT_NAME = "$(TARGET_NAME)";
				WRAPPER_EXTENSION = app;
			};
			name = Release;
		};
		7F29329D1A80B84600ABB388 /* Debug */ = {
			isa = XCBuildConfiguration;
			buildSettings = {
				BUNDLE_LOADER = "$(BUILT_PRODUCTS_DIR)/test.app/test";
				FRAMEWORK_SEARCH_PATHS = (
					"$(SDKROOT)/Developer/Library/Frameworks",
					"$(inherited)",
					"$(DEVELOPER_FRAMEWORKS_DIR)",
				);
				GCC_PRECOMPILE_PREFIX_HEADER = YES;
				GCC_PREFIX_HEADER = "test/test-Prefix.pch";
				GCC_PREPROCESSOR_DEFINITIONS = (
					"DEBUG=1",
					"$(inherited)",
				);
				INFOPLIST_FILE = "testTests/testTests-Info.plist";
				PRODUCT_NAME = "$(TARGET_NAME)";
				TEST_HOST = "$(BUNDLE_LOADER)";
				WRAPPER_EXTENSION = xctest;
			};
			name = Debug;
		};
		7F29329E1A80B84600ABB388 /* Release */ = {
			isa = XCBuildConfiguration;
			buildSettings = {
				BUNDLE_LOADER = "$(BUILT_PRODUCTS_DIR)/test.app/test";
				FRAMEWORK_SEARCH_PATHS = (
					"$(SDKROOT)/Developer/Library/Frameworks",
					"$(inherited)",
					"$(DEVELOPER_FRAMEWORKS_DIR)",
				);
				GCC_PRECOMPILE_PREFIX_HEADER = YES;
				GCC_PREFIX_HEADER = "test/test-Prefix.pch";
				INFOPLIST_FILE = "testTests/testTests-Info.plist";
				PRODUCT_NAME = "$(TARGET_NAME)";
				TEST_HOST = "$(BUNDLE_LOADER)";
				WRAPPER_EXTENSION = xctest;
			};
			name = Release;
		};
/* End XCBuildConfiguration section */

/* Begin XCConfigurationList section */
		7F2932681A80B84500ABB388 /* Build configuration list for PBXProject "test" */ = {
			isa = XCConfigurationList;
			buildConfigurations = (
				7F2932971A80B84600ABB388 /* Debug */,
				7F2932981A80B84600ABB388 /* Release */,
			);
			defaultConfigurationIsVisible = 0;
			defaultConfigurationName = Release;
		};
		7F2932991A80B84600ABB388 /* Build configuration list for PBXNativeTarget "test" */ = {
			isa = XCConfigurationList;
			buildConfigurations = (
				7F29329A1A80B84600ABB388 /* Debug */,
				7F29329B1A80B84600ABB388 /* Release */,
			);
			defaultConfigurationIsVisible = 0;
		};
		7F29329C1A80B84600ABB388 /* Build configuration list for PBXNativeTarget "testTests" */ = {
			isa = XCConfigurationList;
			buildConfigurations = (
				7F29329D1A80B84600ABB388 /* Debug */,
				7F29329E1A80B84600ABB388 /* Release */,
			);
			defaultConfigurationIsVisible = 0;
		};
/* End XCConfigurationList section */
	};
	rootObject = 7F2932651A80B84500ABB388 /* Project object */;
}
