// !$*UTF8*$!
{
	archiveVersion = 1;
	classes = {
	};
	objectVersion = 46;
	objects = {

/* Begin PBXBuildFile section */
		7FA56F001AA4491E00A8E7AF /* main.m in Sources */ = {isa = PBXBuildFile; fileRef = 7FA56EFF1AA4491E00A8E7AF /* main.m */; };
		7FA56F031AA4491E00A8E7AF /* AppDelegate.m in Sources */ = {isa = PBXBuildFile; fileRef = 7FA56F021AA4491E00A8E7AF /* AppDelegate.m */; };
		7FA56F051AA4491E00A8E7AF /* Images.xcassets in Resources */ = {isa = PBXBuildFile; fileRef = 7FA56F041AA4491E00A8E7AF /* Images.xcassets */; };
		7FA56F081AA4491E00A8E7AF /* LaunchScreen.xib in Resources */ = {isa = PBXBuildFile; fileRef = 7FA56F061AA4491E00A8E7AF /* LaunchScreen.xib */; };
		7FA56F141AA4491E00A8E7AF /* wallpapersTests.m in Sources */ = {isa = PBXBuildFile; fileRef = 7FA56F131AA4491E00A8E7AF /* wallpapersTests.m */; };
/* End PBXBuildFile section */

/* Begin PBXContainerItemProxy section */
		7FA56F0E1AA4491E00A8E7AF /* PBXContainerItemProxy */ = {
			isa = PBXContainerItemProxy;
			containerPortal = 7FA56EF21AA4491E00A8E7AF /* Project object */;
			proxyType = 1;
			remoteGlobalIDString = 7FA56EF91AA4491E00A8E7AF;
			remoteInfo = wallpapers;
		};
/* End PBXContainerItemProxy section */

/* Begin PBXFileReference section */
		7FA56EFA1AA4491E00A8E7AF /* wallpapers.app */ = {isa = PBXFileReference; explicitFileType = wrapper.application; includeInIndex = 0; path = wallpapers.app; sourceTree = BUILT_PRODUCTS_DIR; };
		7FA56EFE1AA4491E00A8E7AF /* Info.plist */ = {isa = PBXFileReference; lastKnownFileType = text.plist.xml; path = Info.plist; sourceTree = "<group>"; };
		7FA56EFF1AA4491E00A8E7AF /* main.m */ = {isa = PBXFileReference; lastKnownFileType = sourcecode.c.objc; path = main.m; sourceTree = "<group>"; };
		7FA56F011AA4491E00A8E7AF /* AppDelegate.h */ = {isa = PBXFileReference; lastKnownFileType = sourcecode.c.h; path = AppDelegate.h; sourceTree = "<group>"; };
		7FA56F021AA4491E00A8E7AF /* AppDelegate.m */ = {isa = PBXFileReference; lastKnownFileType = sourcecode.c.objc; path = AppDelegate.m; sourceTree = "<group>"; };
		7FA56F041AA4491E00A8E7AF /* Images.xcassets */ = {isa = PBXFileReference; lastKnownFileType = folder.assetcatalog; path = Images.xcassets; sourceTree = "<group>"; };
		7FA56F071AA4491E00A8E7AF /* Base */ = {isa = PBXFileReference; lastKnownFileType = file.xib; name = Base; path = Base.lproj/LaunchScreen.xib; sourceTree = "<group>"; };
		7FA56F0D1AA4491E00A8E7AF /* wallpapersTests.xctest */ = {isa = PBXFileReference; explicitFileType = wrapper.cfbundle; includeInIndex = 0; path = wallpapersTests.xctest; sourceTree = BUILT_PRODUCTS_DIR; };
		7FA56F121AA4491E00A8E7AF /* Info.plist */ = {isa = PBXFileReference; lastKnownFileType = text.plist.xml; path = Info.plist; sourceTree = "<group>"; };
		7FA56F131AA4491E00A8E7AF /* wallpapersTests.m */ = {isa = PBXFileReference; lastKnownFileType = sourcecode.c.objc; path = wallpapersTests.m; sourceTree = "<group>"; };
/* End PBXFileReference section */

/* Begin PBXFrameworksBuildPhase section */
		7FA56EF71AA4491E00A8E7AF /* Frameworks */ = {
			isa = PBXFrameworksBuildPhase;
			buildActionMask = 2147483647;
			files = (
			);
			runOnlyForDeploymentPostprocessing = 0;
		};
		7FA56F0A1AA4491E00A8E7AF /* Frameworks */ = {
			isa = PBXFrameworksBuildPhase;
			buildActionMask = 2147483647;
			files = (
			);
			runOnlyForDeploymentPostprocessing = 0;
		};
/* End PBXFrameworksBuildPhase section */

/* Begin PBXGroup section */
		7FA56EF11AA4491E00A8E7AF = {
			isa = PBXGroup;
			children = (
				7FA56EFC1AA4491E00A8E7AF /* wallpapers */,
				7FA56F101AA4491E00A8E7AF /* wallpapersTests */,
				7FA56EFB1AA4491E00A8E7AF /* Products */,
			);
			sourceTree = "<group>";
		};
		7FA56EFB1AA4491E00A8E7AF /* Products */ = {
			isa = PBXGroup;
			children = (
				7FA56EFA1AA4491E00A8E7AF /* wallpapers.app */,
				7FA56F0D1AA4491E00A8E7AF /* wallpapersTests.xctest */,
			);
			name = Products;
			sourceTree = "<group>";
		};
		7FA56EFC1AA4491E00A8E7AF /* wallpapers */ = {
			isa = PBXGroup;
			children = (
				7FA56F011AA4491E00A8E7AF /* AppDelegate.h */,
				7FA56F021AA4491E00A8E7AF /* AppDelegate.m */,
				7FA56F041AA4491E00A8E7AF /* Images.xcassets */,
				7FA56F061AA4491E00A8E7AF /* LaunchScreen.xib */,
				7FA56EFD1AA4491E00A8E7AF /* Supporting Files */,
			);
			path = wallpapers;
			sourceTree = "<group>";
		};
		7FA56EFD1AA4491E00A8E7AF /* Supporting Files */ = {
			isa = PBXGroup;
			children = (
				7FA56EFE1AA4491E00A8E7AF /* Info.plist */,
				7FA56EFF1AA4491E00A8E7AF /* main.m */,
			);
			name = "Supporting Files";
			sourceTree = "<group>";
		};
		7FA56F101AA4491E00A8E7AF /* wallpapersTests */ = {
			isa = PBXGroup;
			children = (
				7FA56F131AA4491E00A8E7AF /* wallpapersTests.m */,
				7FA56F111AA4491E00A8E7AF /* Supporting Files */,
			);
			path = wallpapersTests;
			sourceTree = "<group>";
		};
		7FA56F111AA4491E00A8E7AF /* Supporting Files */ = {
			isa = PBXGroup;
			children = (
				7FA56F121AA4491E00A8E7AF /* Info.plist */,
			);
			name = "Supporting Files";
			sourceTree = "<group>";
		};
/* End PBXGroup section */

/* Begin PBXNativeTarget section */
		7FA56EF91AA4491E00A8E7AF /* wallpapers */ = {
			isa = PBXNativeTarget;
			buildConfigurationList = 7FA56F171AA4491E00A8E7AF /* Build configuration list for PBXNativeTarget "wallpapers" */;
			buildPhases = (
				7FA56EF61AA4491E00A8E7AF /* Sources */,
				7FA56EF71AA4491E00A8E7AF /* Frameworks */,
				7FA56EF81AA4491E00A8E7AF /* Resources */,
			);
			buildRules = (
			);
			dependencies = (
			);
			name = wallpapers;
			productName = wallpapers;
			productReference = 7FA56EFA1AA4491E00A8E7AF /* wallpapers.app */;
			productType = "com.apple.product-type.application";
		};
		7FA56F0C1AA4491E00A8E7AF /* wallpapersTests */ = {
			isa = PBXNativeTarget;
			buildConfigurationList = 7FA56F1A1AA4491E00A8E7AF /* Build configuration list for PBXNativeTarget "wallpapersTests" */;
			buildPhases = (
				7FA56F091AA4491E00A8E7AF /* Sources */,
				7FA56F0A1AA4491E00A8E7AF /* Frameworks */,
				7FA56F0B1AA4491E00A8E7AF /* Resources */,
			);
			buildRules = (
			);
			dependencies = (
				7FA56F0F1AA4491E00A8E7AF /* PBXTargetDependency */,
			);
			name = wallpapersTests;
			productName = wallpapersTests;
			productReference = 7FA56F0D1AA4491E00A8E7AF /* wallpapersTests.xctest */;
			productType = "com.apple.product-type.bundle.unit-test";
		};
/* End PBXNativeTarget section */

/* Begin PBXProject section */
		7FA56EF21AA4491E00A8E7AF /* Project object */ = {
			isa = PBXProject;
			attributes = {
				LastUpgradeCheck = 0610;
				ORGANIZATIONNAME = sk80.com;
				TargetAttributes = {
					7FA56EF91AA4491E00A8E7AF = {
						CreatedOnToolsVersion = 6.1.1;
					};
					7FA56F0C1AA4491E00A8E7AF = {
						CreatedOnToolsVersion = 6.1.1;
						TestTargetID = 7FA56EF91AA4491E00A8E7AF;
					};
				};
			};
			buildConfigurationList = 7FA56EF51AA4491E00A8E7AF /* Build configuration list for PBXProject "wallpapers" */;
			compatibilityVersion = "Xcode 3.2";
			developmentRegion = English;
			hasScannedForEncodings = 0;
			knownRegions = (
				en,
				Base,
			);
			mainGroup = 7FA56EF11AA4491E00A8E7AF;
			productRefGroup = 7FA56EFB1AA4491E00A8E7AF /* Products */;
			projectDirPath = "";
			projectRoot = "";
			targets = (
				7FA56EF91AA4491E00A8E7AF /* wallpapers */,
				7FA56F0C1AA4491E00A8E7AF /* wallpapersTests */,
			);
		};
/* End PBXProject section */

/* Begin PBXResourcesBuildPhase section */
		7FA56EF81AA4491E00A8E7AF /* Resources */ = {
			isa = PBXResourcesBuildPhase;
			buildActionMask = 2147483647;
			files = (
				7FA56F081AA4491E00A8E7AF /* LaunchScreen.xib in Resources */,
				7FA56F051AA4491E00A8E7AF /* Images.xcassets in Resources */,
			);
			runOnlyForDeploymentPostprocessing = 0;
		};
		7FA56F0B1AA4491E00A8E7AF /* Resources */ = {
			isa = PBXResourcesBuildPhase;
			buildActionMask = 2147483647;
			files = (
			);
			runOnlyForDeploymentPostprocessing = 0;
		};
/* End PBXResourcesBuildPhase section */

/* Begin PBXSourcesBuildPhase section */
		7FA56EF61AA4491E00A8E7AF /* Sources */ = {
			isa = PBXSourcesBuildPhase;
			buildActionMask = 2147483647;
			files = (
				7FA56F031AA4491E00A8E7AF /* AppDelegate.m in Sources */,
				7FA56F001AA4491E00A8E7AF /* main.m in Sources */,
			);
			runOnlyForDeploymentPostprocessing = 0;
		};
		7FA56F091AA4491E00A8E7AF /* Sources */ = {
			isa = PBXSourcesBuildPhase;
			buildActionMask = 2147483647;
			files = (
				7FA56F141AA4491E00A8E7AF /* wallpapersTests.m in Sources */,
			);
			runOnlyForDeploymentPostprocessing = 0;
		};
/* End PBXSourcesBuildPhase section */

/* Begin PBXTargetDependency section */
		7FA56F0F1AA4491E00A8E7AF /* PBXTargetDependency */ = {
			isa = PBXTargetDependency;
			target = 7FA56EF91AA4491E00A8E7AF /* wallpapers */;
			targetProxy = 7FA56F0E1AA4491E00A8E7AF /* PBXContainerItemProxy */;
		};
/* End PBXTargetDependency section */

/* Begin PBXVariantGroup section */
		7FA56F061AA4491E00A8E7AF /* LaunchScreen.xib */ = {
			isa = PBXVariantGroup;
			children = (
				7FA56F071AA4491E00A8E7AF /* Base */,
			);
			name = LaunchScreen.xib;
			sourceTree = "<group>";
		};
/* End PBXVariantGroup section */

/* Begin XCBuildConfiguration section */
		7FA56F151AA4491E00A8E7AF /* Debug */ = {
			isa = XCBuildConfiguration;
			buildSettings = {
				ALWAYS_SEARCH_USER_PATHS = NO;
				CLANG_CXX_LANGUAGE_STANDARD = "gnu++0x";
				CLANG_CXX_LIBRARY = "libc++";
				CLANG_ENABLE_MODULES = YES;
				CLANG_ENABLE_OBJC_ARC = YES;
				CLANG_WARN_BOOL_CONVERSION = YES;
				CLANG_WARN_CONSTANT_CONVERSION = YES;
				CLANG_WARN_DIRECT_OBJC_ISA_USAGE = YES_ERROR;
				CLANG_WARN_EMPTY_BODY = YES;
				CLANG_WARN_ENUM_CONVERSION = YES;
				CLANG_WARN_INT_CONVERSION = YES;
				CLANG_WARN_OBJC_ROOT_CLASS = YES_ERROR;
				CLANG_WARN_UNREACHABLE_CODE = YES;
				CLANG_WARN__DUPLICATE_METHOD_MATCH = YES;
				"CODE_SIGN_IDENTITY[sdk=iphoneos*]" = "iPhone Developer";
				COPY_PHASE_STRIP = NO;
				ENABLE_STRICT_OBJC_MSGSEND = YES;
				GCC_C_LANGUAGE_STANDARD = gnu99;
				GCC_DYNAMIC_NO_PIC = NO;
				GCC_OPTIMIZATION_LEVEL = 0;
				GCC_PREPROCESSOR_DEFINITIONS = (
					"DEBUG=1",
					"$(inherited)",
				);
				GCC_SYMBOLS_PRIVATE_EXTERN = NO;
				GCC_WARN_64_TO_32_BIT_CONVERSION = YES;
				GCC_WARN_ABOUT_RETURN_TYPE = YES_ERROR;
				GCC_WARN_UNDECLARED_SELECTOR = YES;
				GCC_WARN_UNINITIALIZED_AUTOS = YES_AGGRESSIVE;
				GCC_WARN_UNUSED_FUNCTION = YES;
				GCC_WARN_UNUSED_VARIABLE = YES;
				IPHONEOS_DEPLOYMENT_TARGET = 8.1;
				MTL_ENABLE_DEBUG_INFO = YES;
				ONLY_ACTIVE_ARCH = YES;
				SDKROOT = iphoneos;
			};
			name = Debug;
		};
		7FA56F161AA4491E00A8E7AF /* Release */ = {
			isa = XCBuildConfiguration;
			buildSettings = {
				ALWAYS_SEARCH_USER_PATHS = NO;
				CLANG_CXX_LANGUAGE_STANDARD = "gnu++0x";
				CLANG_CXX_LIBRARY = "libc++";
				CLANG_ENABLE_MODULES = YES;
				CLANG_ENABLE_OBJC_ARC = YES;
				CLANG_WARN_BOOL_CONVERSION = YES;
				CLANG_WARN_CONSTANT_CONVERSION = YES;
				CLANG_WARN_DIRECT_OBJC_ISA_USAGE = YES_ERROR;
				CLANG_WARN_EMPTY_BODY = YES;
				CLANG_WARN_ENUM_CONVERSION = YES;
				CLANG_WARN_INT_CONVERSION = YES;
				CLANG_WARN_OBJC_ROOT_CLASS = YES_ERROR;
				CLANG_WARN_UNREACHABLE_CODE = YES;
				CLANG_WARN__DUPLICATE_METHOD_MATCH = YES;
				"CODE_SIGN_IDENTITY[sdk=iphoneos*]" = "iPhone Developer";
				COPY_PHASE_STRIP = YES;
				ENABLE_NS_ASSERTIONS = NO;
				ENABLE_STRICT_OBJC_MSGSEND = YES;
				GCC_C_LANGUAGE_STANDARD = gnu99;
				GCC_WARN_64_TO_32_BIT_CONVERSION = YES;
				GCC_WARN_ABOUT_RETURN_TYPE = YES_ERROR;
				GCC_WARN_UNDECLARED_SELECTOR = YES;
				GCC_WARN_UNINITIALIZED_AUTOS = YES_AGGRESSIVE;
				GCC_WARN_UNUSED_FUNCTION = YES;
				GCC_WARN_UNUSED_VARIABLE = YES;
				IPHONEOS_DEPLOYMENT_TARGET = 8.1;
				MTL_ENABLE_DEBUG_INFO = NO;
				SDKROOT = iphoneos;
				VALIDATE_PRODUCT = YES;
			};
			name = Release;
		};
		7FA56F181AA4491E00A8E7AF /* Debug */ = {
			isa = XCBuildConfiguration;
			buildSettings = {
				ASSETCATALOG_COMPILER_APPICON_NAME = AppIcon;
				INFOPLIST_FILE = wallpapers/Info.plist;
				LD_RUNPATH_SEARCH_PATHS = "$(inherited) @executable_path/Frameworks";
				PRODUCT_NAME = "$(TARGET_NAME)";
			};
			name = Debug;
		};
		7FA56F191AA4491E00A8E7AF /* Release */ = {
			isa = XCBuildConfiguration;
			buildSettings = {
				ASSETCATALOG_COMPILER_APPICON_NAME = AppIcon;
				INFOPLIST_FILE = wallpapers/Info.plist;
				LD_RUNPATH_SEARCH_PATHS = "$(inherited) @executable_path/Frameworks";
				PRODUCT_NAME = "$(TARGET_NAME)";
			};
			name = Release;
		};
		7FA56F1B1AA4491E00A8E7AF /* Debug */ = {
			isa = XCBuildConfiguration;
			buildSettings = {
				BUNDLE_LOADER = "$(TEST_HOST)";
				FRAMEWORK_SEARCH_PATHS = (
					"$(SDKROOT)/Developer/Library/Frameworks",
					"$(inherited)",
				);
				GCC_PREPROCESSOR_DEFINITIONS = (
					"DEBUG=1",
					"$(inherited)",
				);
				INFOPLIST_FILE = wallpapersTests/Info.plist;
				LD_RUNPATH_SEARCH_PATHS = "$(inherited) @executable_path/Frameworks @loader_path/Frameworks";
				PRODUCT_NAME = "$(TARGET_NAME)";
				TEST_HOST = "$(BUILT_PRODUCTS_DIR)/wallpapers.app/wallpapers";
			};
			name = Debug;
		};
		7FA56F1C1AA4491E00A8E7AF /* Release */ = {
			isa = XCBuildConfiguration;
			buildSettings = {
				BUNDLE_LOADER = "$(TEST_HOST)";
				FRAMEWORK_SEARCH_PATHS = (
					"$(SDKROOT)/Developer/Library/Frameworks",
					"$(inherited)",
				);
				INFOPLIST_FILE = wallpapersTests/Info.plist;
				LD_RUNPATH_SEARCH_PATHS = "$(inherited) @executable_path/Frameworks @loader_path/Frameworks";
				PRODUCT_NAME = "$(TARGET_NAME)";
				TEST_HOST = "$(BUILT_PRODUCTS_DIR)/wallpapers.app/wallpapers";
			};
			name = Release;
		};
/* End XCBuildConfiguration section */

/* Begin XCConfigurationList section */
		7FA56EF51AA4491E00A8E7AF /* Build configuration list for PBXProject "wallpapers" */ = {
			isa = XCConfigurationList;
			buildConfigurations = (
				7FA56F151AA4491E00A8E7AF /* Debug */,
				7FA56F161AA4491E00A8E7AF /* Release */,
			);
			defaultConfigurationIsVisible = 0;
			defaultConfigurationName = Release;
		};
		7FA56F171AA4491E00A8E7AF /* Build configuration list for PBXNativeTarget "wallpapers" */ = {
			isa = XCConfigurationList;
			buildConfigurations = (
				7FA56F181AA4491E00A8E7AF /* Debug */,
				7FA56F191AA4491E00A8E7AF /* Release */,
			);
			defaultConfigurationIsVisible = 0;
		};
		7FA56F1A1AA4491E00A8E7AF /* Build configuration list for PBXNativeTarget "wallpapersTests" */ = {
			isa = XCConfigurationList;
			buildConfigurations = (
				7FA56F1B1AA4491E00A8E7AF /* Debug */,
				7FA56F1C1AA4491E00A8E7AF /* Release */,
			);
			defaultConfigurationIsVisible = 0;
		};
/* End XCConfigurationList section */
	};
	rootObject = 7FA56EF21AA4491E00A8E7AF /* Project object */;
}
