// !$*UTF8*$!
{
	archiveVersion = 1;
	classes = {
	};
	objectVersion = 46;
	objects = {

/* Begin PBXBuildFile section */
		7FFFA4211A774B3C007D2CFA /* main.m in Sources */ = {isa = PBXBuildFile; fileRef = 7FFFA4201A774B3C007D2CFA /* main.m */; };
		7FFFA4241A774B3C007D2CFA /* AppDelegate.m in Sources */ = {isa = PBXBuildFile; fileRef = 7FFFA4231A774B3C007D2CFA /* AppDelegate.m */; };
		7FFFA4261A774B3C007D2CFA /* Images.xcassets in Resources */ = {isa = PBXBuildFile; fileRef = 7FFFA4251A774B3C007D2CFA /* Images.xcassets */; };
		7FFFA4291A774B3C007D2CFA /* LaunchScreen.xib in Resources */ = {isa = PBXBuildFile; fileRef = 7FFFA4271A774B3C007D2CFA /* LaunchScreen.xib */; };
		7FFFA4351A774B3C007D2CFA /* Homepwner_UITableViewTests.m in Sources */ = {isa = PBXBuildFile; fileRef = 7FFFA4341A774B3C007D2CFA /* Homepwner_UITableViewTests.m */; };
/* End PBXBuildFile section */

/* Begin PBXContainerItemProxy section */
		7FFFA42F1A774B3C007D2CFA /* PBXContainerItemProxy */ = {
			isa = PBXContainerItemProxy;
			containerPortal = 7FFFA4131A774B3C007D2CFA /* Project object */;
			proxyType = 1;
			remoteGlobalIDString = 7FFFA41A1A774B3C007D2CFA;
			remoteInfo = Homepwner_UITableView;
		};
/* End PBXContainerItemProxy section */

/* Begin PBXFileReference section */
		7FFFA41B1A774B3C007D2CFA /* Homepwner_UITableView.app */ = {isa = PBXFileReference; explicitFileType = wrapper.application; includeInIndex = 0; path = Homepwner_UITableView.app; sourceTree = BUILT_PRODUCTS_DIR; };
		7FFFA41F1A774B3C007D2CFA /* Info.plist */ = {isa = PBXFileReference; lastKnownFileType = text.plist.xml; path = Info.plist; sourceTree = "<group>"; };
		7FFFA4201A774B3C007D2CFA /* main.m */ = {isa = PBXFileReference; lastKnownFileType = sourcecode.c.objc; path = main.m; sourceTree = "<group>"; };
		7FFFA4221A774B3C007D2CFA /* AppDelegate.h */ = {isa = PBXFileReference; lastKnownFileType = sourcecode.c.h; path = AppDelegate.h; sourceTree = "<group>"; };
		7FFFA4231A774B3C007D2CFA /* AppDelegate.m */ = {isa = PBXFileReference; lastKnownFileType = sourcecode.c.objc; path = AppDelegate.m; sourceTree = "<group>"; };
		7FFFA4251A774B3C007D2CFA /* Images.xcassets */ = {isa = PBXFileReference; lastKnownFileType = folder.assetcatalog; path = Images.xcassets; sourceTree = "<group>"; };
		7FFFA4281A774B3C007D2CFA /* Base */ = {isa = PBXFileReference; lastKnownFileType = file.xib; name = Base; path = Base.lproj/LaunchScreen.xib; sourceTree = "<group>"; };
		7FFFA42E1A774B3C007D2CFA /* Homepwner_UITableViewTests.xctest */ = {isa = PBXFileReference; explicitFileType = wrapper.cfbundle; includeInIndex = 0; path = Homepwner_UITableViewTests.xctest; sourceTree = BUILT_PRODUCTS_DIR; };
		7FFFA4331A774B3C007D2CFA /* Info.plist */ = {isa = PBXFileReference; lastKnownFileType = text.plist.xml; path = Info.plist; sourceTree = "<group>"; };
		7FFFA4341A774B3C007D2CFA /* Homepwner_UITableViewTests.m */ = {isa = PBXFileReference; lastKnownFileType = sourcecode.c.objc; path = Homepwner_UITableViewTests.m; sourceTree = "<group>"; };
/* End PBXFileReference section */

/* Begin PBXFrameworksBuildPhase section */
		7FFFA4181A774B3C007D2CFA /* Frameworks */ = {
			isa = PBXFrameworksBuildPhase;
			buildActionMask = 2147483647;
			files = (
			);
			runOnlyForDeploymentPostprocessing = 0;
		};
		7FFFA42B1A774B3C007D2CFA /* Frameworks */ = {
			isa = PBXFrameworksBuildPhase;
			buildActionMask = 2147483647;
			files = (
			);
			runOnlyForDeploymentPostprocessing = 0;
		};
/* End PBXFrameworksBuildPhase section */

/* Begin PBXGroup section */
		7FFFA4121A774B3C007D2CFA = {
			isa = PBXGroup;
			children = (
				7FFFA41D1A774B3C007D2CFA /* Homepwner_UITableView */,
				7FFFA4311A774B3C007D2CFA /* Homepwner_UITableViewTests */,
				7FFFA41C1A774B3C007D2CFA /* Products */,
			);
			sourceTree = "<group>";
		};
		7FFFA41C1A774B3C007D2CFA /* Products */ = {
			isa = PBXGroup;
			children = (
				7FFFA41B1A774B3C007D2CFA /* Homepwner_UITableView.app */,
				7FFFA42E1A774B3C007D2CFA /* Homepwner_UITableViewTests.xctest */,
			);
			name = Products;
			sourceTree = "<group>";
		};
		7FFFA41D1A774B3C007D2CFA /* Homepwner_UITableView */ = {
			isa = PBXGroup;
			children = (
				7FFFA4221A774B3C007D2CFA /* AppDelegate.h */,
				7FFFA4231A774B3C007D2CFA /* AppDelegate.m */,
				7FFFA4251A774B3C007D2CFA /* Images.xcassets */,
				7FFFA4271A774B3C007D2CFA /* LaunchScreen.xib */,
				7FFFA41E1A774B3C007D2CFA /* Supporting Files */,
			);
			path = Homepwner_UITableView;
			sourceTree = "<group>";
		};
		7FFFA41E1A774B3C007D2CFA /* Supporting Files */ = {
			isa = PBXGroup;
			children = (
				7FFFA41F1A774B3C007D2CFA /* Info.plist */,
				7FFFA4201A774B3C007D2CFA /* main.m */,
			);
			name = "Supporting Files";
			sourceTree = "<group>";
		};
		7FFFA4311A774B3C007D2CFA /* Homepwner_UITableViewTests */ = {
			isa = PBXGroup;
			children = (
				7FFFA4341A774B3C007D2CFA /* Homepwner_UITableViewTests.m */,
				7FFFA4321A774B3C007D2CFA /* Supporting Files */,
			);
			path = Homepwner_UITableViewTests;
			sourceTree = "<group>";
		};
		7FFFA4321A774B3C007D2CFA /* Supporting Files */ = {
			isa = PBXGroup;
			children = (
				7FFFA4331A774B3C007D2CFA /* Info.plist */,
			);
			name = "Supporting Files";
			sourceTree = "<group>";
		};
/* End PBXGroup section */

/* Begin PBXNativeTarget section */
		7FFFA41A1A774B3C007D2CFA /* Homepwner_UITableView */ = {
			isa = PBXNativeTarget;
			buildConfigurationList = 7FFFA4381A774B3C007D2CFA /* Build configuration list for PBXNativeTarget "Homepwner_UITableView" */;
			buildPhases = (
				7FFFA4171A774B3C007D2CFA /* Sources */,
				7FFFA4181A774B3C007D2CFA /* Frameworks */,
				7FFFA4191A774B3C007D2CFA /* Resources */,
			);
			buildRules = (
			);
			dependencies = (
			);
			name = Homepwner_UITableView;
			productName = Homepwner_UITableView;
			productReference = 7FFFA41B1A774B3C007D2CFA /* Homepwner_UITableView.app */;
			productType = "com.apple.product-type.application";
		};
		7FFFA42D1A774B3C007D2CFA /* Homepwner_UITableViewTests */ = {
			isa = PBXNativeTarget;
			buildConfigurationList = 7FFFA43B1A774B3C007D2CFA /* Build configuration list for PBXNativeTarget "Homepwner_UITableViewTests" */;
			buildPhases = (
				7FFFA42A1A774B3C007D2CFA /* Sources */,
				7FFFA42B1A774B3C007D2CFA /* Frameworks */,
				7FFFA42C1A774B3C007D2CFA /* Resources */,
			);
			buildRules = (
			);
			dependencies = (
				7FFFA4301A774B3C007D2CFA /* PBXTargetDependency */,
			);
			name = Homepwner_UITableViewTests;
			productName = Homepwner_UITableViewTests;
			productReference = 7FFFA42E1A774B3C007D2CFA /* Homepwner_UITableViewTests.xctest */;
			productType = "com.apple.product-type.bundle.unit-test";
		};
/* End PBXNativeTarget section */

/* Begin PBXProject section */
		7FFFA4131A774B3C007D2CFA /* Project object */ = {
			isa = PBXProject;
			attributes = {
				LastUpgradeCheck = 0610;
				ORGANIZATIONNAME = sk80.com;
				TargetAttributes = {
					7FFFA41A1A774B3C007D2CFA = {
						CreatedOnToolsVersion = 6.1.1;
					};
					7FFFA42D1A774B3C007D2CFA = {
						CreatedOnToolsVersion = 6.1.1;
						TestTargetID = 7FFFA41A1A774B3C007D2CFA;
					};
				};
			};
			buildConfigurationList = 7FFFA4161A774B3C007D2CFA /* Build configuration list for PBXProject "Homepwner_UITableView" */;
			compatibilityVersion = "Xcode 3.2";
			developmentRegion = English;
			hasScannedForEncodings = 0;
			knownRegions = (
				en,
				Base,
			);
			mainGroup = 7FFFA4121A774B3C007D2CFA;
			productRefGroup = 7FFFA41C1A774B3C007D2CFA /* Products */;
			projectDirPath = "";
			projectRoot = "";
			targets = (
				7FFFA41A1A774B3C007D2CFA /* Homepwner_UITableView */,
				7FFFA42D1A774B3C007D2CFA /* Homepwner_UITableViewTests */,
			);
		};
/* End PBXProject section */

/* Begin PBXResourcesBuildPhase section */
		7FFFA4191A774B3C007D2CFA /* Resources */ = {
			isa = PBXResourcesBuildPhase;
			buildActionMask = 2147483647;
			files = (
				7FFFA4291A774B3C007D2CFA /* LaunchScreen.xib in Resources */,
				7FFFA4261A774B3C007D2CFA /* Images.xcassets in Resources */,
			);
			runOnlyForDeploymentPostprocessing = 0;
		};
		7FFFA42C1A774B3C007D2CFA /* Resources */ = {
			isa = PBXResourcesBuildPhase;
			buildActionMask = 2147483647;
			files = (
			);
			runOnlyForDeploymentPostprocessing = 0;
		};
/* End PBXResourcesBuildPhase section */

/* Begin PBXSourcesBuildPhase section */
		7FFFA4171A774B3C007D2CFA /* Sources */ = {
			isa = PBXSourcesBuildPhase;
			buildActionMask = 2147483647;
			files = (
				7FFFA4241A774B3C007D2CFA /* AppDelegate.m in Sources */,
				7FFFA4211A774B3C007D2CFA /* main.m in Sources */,
			);
			runOnlyForDeploymentPostprocessing = 0;
		};
		7FFFA42A1A774B3C007D2CFA /* Sources */ = {
			isa = PBXSourcesBuildPhase;
			buildActionMask = 2147483647;
			files = (
				7FFFA4351A774B3C007D2CFA /* Homepwner_UITableViewTests.m in Sources */,
			);
			runOnlyForDeploymentPostprocessing = 0;
		};
/* End PBXSourcesBuildPhase section */

/* Begin PBXTargetDependency section */
		7FFFA4301A774B3C007D2CFA /* PBXTargetDependency */ = {
			isa = PBXTargetDependency;
			target = 7FFFA41A1A774B3C007D2CFA /* Homepwner_UITableView */;
			targetProxy = 7FFFA42F1A774B3C007D2CFA /* PBXContainerItemProxy */;
		};
/* End PBXTargetDependency section */

/* Begin PBXVariantGroup section */
		7FFFA4271A774B3C007D2CFA /* LaunchScreen.xib */ = {
			isa = PBXVariantGroup;
			children = (
				7FFFA4281A774B3C007D2CFA /* Base */,
			);
			name = LaunchScreen.xib;
			sourceTree = "<group>";
		};
/* End PBXVariantGroup section */

/* Begin XCBuildConfiguration section */
		7FFFA4361A774B3C007D2CFA /* Debug */ = {
			isa = XCBuildConfiguration;
			buildSettings = {
				ALWAYS_SEARCH_USER_PATHS = NO;
				CLANG_CXX_LANGUAGE_STANDARD = "gnu++0x";
				CLANG_CXX_LIBRARY = "libc++";
				CLANG_ENABLE_MODULES = YES;
				CLANG_ENABLE_OBJC_ARC = YES;
				CLANG_WARN_BOOL_CONVERSION = YES;
				CLANG_WARN_CONSTANT_CONVERSION = YES;
				CLANG_WARN_DIRECT_OBJC_ISA_USAGE = YES_ERROR;
				CLANG_WARN_EMPTY_BODY = YES;
				CLANG_WARN_ENUM_CONVERSION = YES;
				CLANG_WARN_INT_CONVERSION = YES;
				CLANG_WARN_OBJC_ROOT_CLASS = YES_ERROR;
				CLANG_WARN_UNREACHABLE_CODE = YES;
				CLANG_WARN__DUPLICATE_METHOD_MATCH = YES;
				"CODE_SIGN_IDENTITY[sdk=iphoneos*]" = "iPhone Developer";
				COPY_PHASE_STRIP = NO;
				ENABLE_STRICT_OBJC_MSGSEND = YES;
				GCC_C_LANGUAGE_STANDARD = gnu99;
				GCC_DYNAMIC_NO_PIC = NO;
				GCC_OPTIMIZATION_LEVEL = 0;
				GCC_PREPROCESSOR_DEFINITIONS = (
					"DEBUG=1",
					"$(inherited)",
				);
				GCC_SYMBOLS_PRIVATE_EXTERN = NO;
				GCC_WARN_64_TO_32_BIT_CONVERSION = YES;
				GCC_WARN_ABOUT_RETURN_TYPE = YES_ERROR;
				GCC_WARN_UNDECLARED_SELECTOR = YES;
				GCC_WARN_UNINITIALIZED_AUTOS = YES_AGGRESSIVE;
				GCC_WARN_UNUSED_FUNCTION = YES;
				GCC_WARN_UNUSED_VARIABLE = YES;
				IPHONEOS_DEPLOYMENT_TARGET = 8.1;
				MTL_ENABLE_DEBUG_INFO = YES;
				ONLY_ACTIVE_ARCH = YES;
				SDKROOT = iphoneos;
			};
			name = Debug;
		};
		7FFFA4371A774B3C007D2CFA /* Release */ = {
			isa = XCBuildConfiguration;
			buildSettings = {
				ALWAYS_SEARCH_USER_PATHS = NO;
				CLANG_CXX_LANGUAGE_STANDARD = "gnu++0x";
				CLANG_CXX_LIBRARY = "libc++";
				CLANG_ENABLE_MODULES = YES;
				CLANG_ENABLE_OBJC_ARC = YES;
				CLANG_WARN_BOOL_CONVERSION = YES;
				CLANG_WARN_CONSTANT_CONVERSION = YES;
				CLANG_WARN_DIRECT_OBJC_ISA_USAGE = YES_ERROR;
				CLANG_WARN_EMPTY_BODY = YES;
				CLANG_WARN_ENUM_CONVERSION = YES;
				CLANG_WARN_INT_CONVERSION = YES;
				CLANG_WARN_OBJC_ROOT_CLASS = YES_ERROR;
				CLANG_WARN_UNREACHABLE_CODE = YES;
				CLANG_WARN__DUPLICATE_METHOD_MATCH = YES;
				"CODE_SIGN_IDENTITY[sdk=iphoneos*]" = "iPhone Developer";
				COPY_PHASE_STRIP = YES;
				ENABLE_NS_ASSERTIONS = NO;
				ENABLE_STRICT_OBJC_MSGSEND = YES;
				GCC_C_LANGUAGE_STANDARD = gnu99;
				GCC_WARN_64_TO_32_BIT_CONVERSION = YES;
				GCC_WARN_ABOUT_RETURN_TYPE = YES_ERROR;
				GCC_WARN_UNDECLARED_SELECTOR = YES;
				GCC_WARN_UNINITIALIZED_AUTOS = YES_AGGRESSIVE;
				GCC_WARN_UNUSED_FUNCTION = YES;
				GCC_WARN_UNUSED_VARIABLE = YES;
				IPHONEOS_DEPLOYMENT_TARGET = 8.1;
				MTL_ENABLE_DEBUG_INFO = NO;
				SDKROOT = iphoneos;
				VALIDATE_PRODUCT = YES;
			};
			name = Release;
		};
		7FFFA4391A774B3C007D2CFA /* Debug */ = {
			isa = XCBuildConfiguration;
			buildSettings = {
				ASSETCATALOG_COMPILER_APPICON_NAME = AppIcon;
				INFOPLIST_FILE = Homepwner_UITableView/Info.plist;
				LD_RUNPATH_SEARCH_PATHS = "$(inherited) @executable_path/Frameworks";
				PRODUCT_NAME = "$(TARGET_NAME)";
			};
			name = Debug;
		};
		7FFFA43A1A774B3C007D2CFA /* Release */ = {
			isa = XCBuildConfiguration;
			buildSettings = {
				ASSETCATALOG_COMPILER_APPICON_NAME = AppIcon;
				INFOPLIST_FILE = Homepwner_UITableView/Info.plist;
				LD_RUNPATH_SEARCH_PATHS = "$(inherited) @executable_path/Frameworks";
				PRODUCT_NAME = "$(TARGET_NAME)";
			};
			name = Release;
		};
		7FFFA43C1A774B3C007D2CFA /* Debug */ = {
			isa = XCBuildConfiguration;
			buildSettings = {
				BUNDLE_LOADER = "$(TEST_HOST)";
				FRAMEWORK_SEARCH_PATHS = (
					"$(SDKROOT)/Developer/Library/Frameworks",
					"$(inherited)",
				);
				GCC_PREPROCESSOR_DEFINITIONS = (
					"DEBUG=1",
					"$(inherited)",
				);
				INFOPLIST_FILE = Homepwner_UITableViewTests/Info.plist;
				LD_RUNPATH_SEARCH_PATHS = "$(inherited) @executable_path/Frameworks @loader_path/Frameworks";
				PRODUCT_NAME = "$(TARGET_NAME)";
				TEST_HOST = "$(BUILT_PRODUCTS_DIR)/Homepwner_UITableView.app/Homepwner_UITableView";
			};
			name = Debug;
		};
		7FFFA43D1A774B3C007D2CFA /* Release */ = {
			isa = XCBuildConfiguration;
			buildSettings = {
				BUNDLE_LOADER = "$(TEST_HOST)";
				FRAMEWORK_SEARCH_PATHS = (
					"$(SDKROOT)/Developer/Library/Frameworks",
					"$(inherited)",
				);
				INFOPLIST_FILE = Homepwner_UITableViewTests/Info.plist;
				LD_RUNPATH_SEARCH_PATHS = "$(inherited) @executable_path/Frameworks @loader_path/Frameworks";
				PRODUCT_NAME = "$(TARGET_NAME)";
				TEST_HOST = "$(BUILT_PRODUCTS_DIR)/Homepwner_UITableView.app/Homepwner_UITableView";
			};
			name = Release;
		};
/* End XCBuildConfiguration section */

/* Begin XCConfigurationList section */
		7FFFA4161A774B3C007D2CFA /* Build configuration list for PBXProject "Homepwner_UITableView" */ = {
			isa = XCConfigurationList;
			buildConfigurations = (
				7FFFA4361A774B3C007D2CFA /* Debug */,
				7FFFA4371A774B3C007D2CFA /* Release */,
			);
			defaultConfigurationIsVisible = 0;
			defaultConfigurationName = Release;
		};
		7FFFA4381A774B3C007D2CFA /* Build configuration list for PBXNativeTarget "Homepwner_UITableView" */ = {
			isa = XCConfigurationList;
			buildConfigurations = (
				7FFFA4391A774B3C007D2CFA /* Debug */,
				7FFFA43A1A774B3C007D2CFA /* Release */,
			);
			defaultConfigurationIsVisible = 0;
		};
		7FFFA43B1A774B3C007D2CFA /* Build configuration list for PBXNativeTarget "Homepwner_UITableViewTests" */ = {
			isa = XCConfigurationList;
			buildConfigurations = (
				7FFFA43C1A774B3C007D2CFA /* Debug */,
				7FFFA43D1A774B3C007D2CFA /* Release */,
			);
			defaultConfigurationIsVisible = 0;
		};
/* End XCConfigurationList section */
	};
	rootObject = 7FFFA4131A774B3C007D2CFA /* Project object */;
}
